// !$*UTF8*$!
{
	archiveVersion = 1;
	classes = {
	};
	objectVersion = 46;
	objects = {

/* Begin PBXBuildFile section */
		2546EB6B1B9CCBEA00523680 /* AppDelegate.m in Sources */ = {isa = PBXBuildFile; fileRef = 2546EB551B9CCBEA00523680 /* AppDelegate.m */; };
		2546EB711B9CCBEA00523680 /* main.m in Sources */ = {isa = PBXBuildFile; fileRef = 2546EB6A1B9CCBEA00523680 /* main.m */; };
		25DF283F1B9E2B2E00C815E8 /* HOArchiveViewController.m in Sources */ = {isa = PBXBuildFile; fileRef = 25DF283E1B9E2B2E00C815E8 /* HOArchiveViewController.m */; };
		25DF2D5D1B9E3CFF00C815E8 /* Main.storyboard in Resources */ = {isa = PBXBuildFile; fileRef = 2546EB661B9CCBEA00523680 /* Main.storyboard */; };
		25DF2D5E1B9E3D0400C815E8 /* LaunchScreen.storyboard in Resources */ = {isa = PBXBuildFile; fileRef = 2546EB641B9CCBEA00523680 /* LaunchScreen.storyboard */; };
		25DF2D841B9E423E00C815E8 /* HOUser.m in Sources */ = {isa = PBXBuildFile; fileRef = 25DF2D831B9E423E00C815E8 /* HOUser.m */; };
		25DF2D871B9E44D300C815E8 /* Utility.m in Sources */ = {isa = PBXBuildFile; fileRef = 25DF2D861B9E44D300C815E8 /* Utility.m */; };
/* End PBXBuildFile section */

/* Begin PBXFileReference section */
		2546EB381B9CCB4400523680 /* lesson05.app */ = {isa = PBXFileReference; explicitFileType = wrapper.application; includeInIndex = 0; path = lesson05.app; sourceTree = BUILT_PRODUCTS_DIR; };
		2546EB541B9CCBEA00523680 /* AppDelegate.h */ = {isa = PBXFileReference; fileEncoding = 4; lastKnownFileType = sourcecode.c.h; path = AppDelegate.h; sourceTree = "<group>"; };
		2546EB551B9CCBEA00523680 /* AppDelegate.m */ = {isa = PBXFileReference; fileEncoding = 4; lastKnownFileType = sourcecode.c.objc; path = AppDelegate.m; sourceTree = "<group>"; };
		2546EB621B9CCBEA00523680 /* Assets.xcassets */ = {isa = PBXFileReference; lastKnownFileType = folder.assetcatalog; path = Assets.xcassets; sourceTree = "<group>"; };
		2546EB651B9CCBEA00523680 /* Base */ = {isa = PBXFileReference; lastKnownFileType = file.storyboard; name = Base; path = Base.lproj/LaunchScreen.storyboard; sourceTree = "<group>"; };
		2546EB671B9CCBEA00523680 /* Base */ = {isa = PBXFileReference; lastKnownFileType = file.storyboard; name = Base; path = Base.lproj/Main.storyboard; sourceTree = "<group>"; };
		2546EB691B9CCBEA00523680 /* Info.plist */ = {isa = PBXFileReference; fileEncoding = 4; lastKnownFileType = text.plist.xml; path = Info.plist; sourceTree = "<group>"; };
		2546EB6A1B9CCBEA00523680 /* main.m */ = {isa = PBXFileReference; fileEncoding = 4; lastKnownFileType = sourcecode.c.objc; path = main.m; sourceTree = "<group>"; };
		25DF283D1B9E2B2E00C815E8 /* HOArchiveViewController.h */ = {isa = PBXFileReference; fileEncoding = 4; lastKnownFileType = sourcecode.c.h; path = HOArchiveViewController.h; sourceTree = "<group>"; };
		25DF283E1B9E2B2E00C815E8 /* HOArchiveViewController.m */ = {isa = PBXFileReference; fileEncoding = 4; lastKnownFileType = sourcecode.c.objc; path = HOArchiveViewController.m; sourceTree = "<group>"; };
		25DF2D821B9E423E00C815E8 /* HOUser.h */ = {isa = PBXFileReference; fileEncoding = 4; lastKnownFileType = sourcecode.c.h; path = HOUser.h; sourceTree = "<group>"; };
		25DF2D831B9E423E00C815E8 /* HOUser.m */ = {isa = PBXFileReference; fileEncoding = 4; lastKnownFileType = sourcecode.c.objc; path = HOUser.m; sourceTree = "<group>"; };
		25DF2D851B9E44D300C815E8 /* Utility.h */ = {isa = PBXFileReference; fileEncoding = 4; lastKnownFileType = sourcecode.c.h; path = Utility.h; sourceTree = "<group>"; };
		25DF2D861B9E44D300C815E8 /* Utility.m */ = {isa = PBXFileReference; fileEncoding = 4; lastKnownFileType = sourcecode.c.objc; path = Utility.m; sourceTree = "<group>"; };
/* End PBXFileReference section */

/* Begin PBXFrameworksBuildPhase section */
		2546EB351B9CCB4400523680 /* Frameworks */ = {
			isa = PBXFrameworksBuildPhase;
			buildActionMask = 2147483647;
			files = (
			);
			runOnlyForDeploymentPostprocessing = 0;
		};
/* End PBXFrameworksBuildPhase section */

/* Begin PBXGroup section */
		2546EB2F1B9CCB4400523680 = {
			isa = PBXGroup;
			children = (
				2546EB3A1B9CCB4400523680 /* lesson05 */,
				2546EB391B9CCB4400523680 /* Products */,
			);
			sourceTree = "<group>";
		};
		2546EB391B9CCB4400523680 /* Products */ = {
			isa = PBXGroup;
			children = (
				2546EB381B9CCB4400523680 /* lesson05.app */,
			);
			name = Products;
			sourceTree = "<group>";
		};
		2546EB3A1B9CCB4400523680 /* lesson05 */ = {
			isa = PBXGroup;
			children = (
				2546EB521B9CCBEA00523680 /* Classes */,
				2546EB601B9CCBEA00523680 /* Resources */,
				2546EB681B9CCBEA00523680 /* SupportingFiles */,
			);
			path = lesson05;
			sourceTree = "<group>";
		};
		2546EB521B9CCBEA00523680 /* Classes */ = {
			isa = PBXGroup;
			children = (
				2546EB531B9CCBEA00523680 /* AppDelegate */,
				2546EB561B9CCBEA00523680 /* Controllers */,
				2546EB591B9CCBEA00523680 /* Global */,
				2546EB5A1B9CCBEA00523680 /* Models */,
				2546EB5B1B9CCBEA00523680 /* Parsers */,
				2546EB5C1B9CCBEA00523680 /* Publics */,
				2546EB5D1B9CCBEA00523680 /* Requests */,
				2546EB5E1B9CCBEA00523680 /* Utilities */,
				2546EB5F1B9CCBEA00523680 /* Views */,
			);
			path = Classes;
			sourceTree = "<group>";
		};
		2546EB531B9CCBEA00523680 /* AppDelegate */ = {
			isa = PBXGroup;
			children = (
				2546EB541B9CCBEA00523680 /* AppDelegate.h */,
				2546EB551B9CCBEA00523680 /* AppDelegate.m */,
			);
			path = AppDelegate;
			sourceTree = "<group>";
		};
		2546EB561B9CCBEA00523680 /* Controllers */ = {
			isa = PBXGroup;
			children = (
				25DF283D1B9E2B2E00C815E8 /* HOArchiveViewController.h */,
				25DF283E1B9E2B2E00C815E8 /* HOArchiveViewController.m */,
			);
			path = Controllers;
			sourceTree = "<group>";
		};
		2546EB591B9CCBEA00523680 /* Global */ = {
			isa = PBXGroup;
			children = (
			);
			path = Global;
			sourceTree = "<group>";
		};
		2546EB5A1B9CCBEA00523680 /* Models */ = {
			isa = PBXGroup;
			children = (
				25DF2D821B9E423E00C815E8 /* HOUser.h */,
				25DF2D831B9E423E00C815E8 /* HOUser.m */,
			);
			path = Models;
			sourceTree = "<group>";
		};
		2546EB5B1B9CCBEA00523680 /* Parsers */ = {
			isa = PBXGroup;
			children = (
			);
			path = Parsers;
			sourceTree = "<group>";
		};
		2546EB5C1B9CCBEA00523680 /* Publics */ = {
			isa = PBXGroup;
			children = (
			);
			path = Publics;
			sourceTree = "<group>";
		};
		2546EB5D1B9CCBEA00523680 /* Requests */ = {
			isa = PBXGroup;
			children = (
			);
			path = Requests;
			sourceTree = "<group>";
		};
		2546EB5E1B9CCBEA00523680 /* Utilities */ = {
			isa = PBXGroup;
			children = (
				25DF2D851B9E44D300C815E8 /* Utility.h */,
				25DF2D861B9E44D300C815E8 /* Utility.m */,
			);
			path = Utilities;
			sourceTree = "<group>";
		};
		2546EB5F1B9CCBEA00523680 /* Views */ = {
			isa = PBXGroup;
			children = (
			);
			path = Views;
			sourceTree = "<group>";
		};
		2546EB601B9CCBEA00523680 /* Resources */ = {
			isa = PBXGroup;
			children = (
				2546EB611B9CCBEA00523680 /* Images */,
				2546EB631B9CCBEA00523680 /* XIBs */,
			);
			path = Resources;
			sourceTree = "<group>";
		};
		2546EB611B9CCBEA00523680 /* Images */ = {
			isa = PBXGroup;
			children = (
				2546EB621B9CCBEA00523680 /* Assets.xcassets */,
			);
			path = Images;
			sourceTree = "<group>";
		};
		2546EB631B9CCBEA00523680 /* XIBs */ = {
			isa = PBXGroup;
			children = (
				2546EB641B9CCBEA00523680 /* LaunchScreen.storyboard */,
				2546EB661B9CCBEA00523680 /* Main.storyboard */,
			);
			path = XIBs;
			sourceTree = "<group>";
		};
		2546EB681B9CCBEA00523680 /* SupportingFiles */ = {
			isa = PBXGroup;
			children = (
				2546EB691B9CCBEA00523680 /* Info.plist */,
				2546EB6A1B9CCBEA00523680 /* main.m */,
			);
			path = SupportingFiles;
			sourceTree = "<group>";
		};
/* End PBXGroup section */

/* Begin PBXNativeTarget section */
		2546EB371B9CCB4400523680 /* lesson05 */ = {
			isa = PBXNativeTarget;
			buildConfigurationList = 2546EB4F1B9CCB4400523680 /* Build configuration list for PBXNativeTarget "lesson05" */;
			buildPhases = (
				2546EB341B9CCB4400523680 /* Sources */,
				2546EB351B9CCB4400523680 /* Frameworks */,
				2546EB361B9CCB4400523680 /* Resources */,
			);
			buildRules = (
			);
			dependencies = (
			);
			name = lesson05;
			productName = lesson05;
			productReference = 2546EB381B9CCB4400523680 /* lesson05.app */;
			productType = "com.apple.product-type.application";
		};
/* End PBXNativeTarget section */

/* Begin PBXProject section */
		2546EB301B9CCB4400523680 /* Project object */ = {
			isa = PBXProject;
			attributes = {
				LastUpgradeCheck = 0700;
				ORGANIZATIONNAME = h2o1k;
				TargetAttributes = {
					2546EB371B9CCB4400523680 = {
						CreatedOnToolsVersion = 7.0;
					};
				};
			};
			buildConfigurationList = 2546EB331B9CCB4400523680 /* Build configuration list for PBXProject "lesson05" */;
			compatibilityVersion = "Xcode 3.2";
			developmentRegion = English;
			hasScannedForEncodings = 0;
			knownRegions = (
				en,
				Base,
			);
			mainGroup = 2546EB2F1B9CCB4400523680;
			productRefGroup = 2546EB391B9CCB4400523680 /* Products */;
			projectDirPath = "";
			projectRoot = "";
			targets = (
				2546EB371B9CCB4400523680 /* lesson05 */,
			);
		};
/* End PBXProject section */

/* Begin PBXResourcesBuildPhase section */
		2546EB361B9CCB4400523680 /* Resources */ = {
			isa = PBXResourcesBuildPhase;
			buildActionMask = 2147483647;
			files = (
				25DF2D5E1B9E3D0400C815E8 /* LaunchScreen.storyboard in Resources */,
				25DF2D5D1B9E3CFF00C815E8 /* Main.storyboard in Resources */,
			);
			runOnlyForDeploymentPostprocessing = 0;
		};
/* End PBXResourcesBuildPhase section */

/* Begin PBXSourcesBuildPhase section */
		2546EB341B9CCB4400523680 /* Sources */ = {
			isa = PBXSourcesBuildPhase;
			buildActionMask = 2147483647;
			files = (
				2546EB711B9CCBEA00523680 /* main.m in Sources */,
				25DF2D841B9E423E00C815E8 /* HOUser.m in Sources */,
				25DF2D871B9E44D300C815E8 /* Utility.m in Sources */,
				25DF283F1B9E2B2E00C815E8 /* HOArchiveViewController.m in Sources */,
				2546EB6B1B9CCBEA00523680 /* AppDelegate.m in Sources */,
			);
			runOnlyForDeploymentPostprocessing = 0;
		};
/* End PBXSourcesBuildPhase section */

/* Begin PBXVariantGroup section */
		2546EB641B9CCBEA00523680 /* LaunchScreen.storyboard */ = {
			isa = PBXVariantGroup;
			children = (
				2546EB651B9CCBEA00523680 /* Base */,
			);
			name = LaunchScreen.storyboard;
			sourceTree = "<group>";
		};
		2546EB661B9CCBEA00523680 /* Main.storyboard */ = {
			isa = PBXVariantGroup;
			children = (
				2546EB671B9CCBEA00523680 /* Base */,
			);
			name = Main.storyboard;
			sourceTree = "<group>";
		};
/* End PBXVariantGroup section */

/* Begin XCBuildConfiguration section */
		2546EB4D1B9CCB4400523680 /* Debug */ = {
			isa = XCBuildConfiguration;
			buildSettings = {
				ALWAYS_SEARCH_USER_PATHS = NO;
				CLANG_CXX_LANGUAGE_STANDARD = "gnu++0x";
				CLANG_CXX_LIBRARY = "libc++";
				CLANG_ENABLE_MODULES = YES;
				CLANG_ENABLE_OBJC_ARC = YES;
				CLANG_WARN_BOOL_CONVERSION = YES;
				CLANG_WARN_CONSTANT_CONVERSION = YES;
				CLANG_WARN_DIRECT_OBJC_ISA_USAGE = YES_ERROR;
				CLANG_WARN_EMPTY_BODY = YES;
				CLANG_WARN_ENUM_CONVERSION = YES;
				CLANG_WARN_INT_CONVERSION = YES;
				CLANG_WARN_OBJC_ROOT_CLASS = YES_ERROR;
				CLANG_WARN_UNREACHABLE_CODE = YES;
				CLANG_WARN__DUPLICATE_METHOD_MATCH = YES;
				"CODE_SIGN_IDENTITY[sdk=iphoneos*]" = "iPhone Developer";
				COPY_PHASE_STRIP = NO;
				DEBUG_INFORMATION_FORMAT = dwarf;
				ENABLE_STRICT_OBJC_MSGSEND = YES;
				ENABLE_TESTABILITY = YES;
				GCC_C_LANGUAGE_STANDARD = gnu99;
				GCC_DYNAMIC_NO_PIC = NO;
				GCC_NO_COMMON_BLOCKS = YES;
				GCC_OPTIMIZATION_LEVEL = 0;
				GCC_PREPROCESSOR_DEFINITIONS = (
					"DEBUG=1",
					"$(inherited)",
				);
				GCC_WARN_64_TO_32_BIT_CONVERSION = YES;
				GCC_WARN_ABOUT_RETURN_TYPE = YES_ERROR;
				GCC_WARN_UNDECLARED_SELECTOR = YES;
				GCC_WARN_UNINITIALIZED_AUTOS = YES_AGGRESSIVE;
				GCC_WARN_UNUSED_FUNCTION = YES;
				GCC_WARN_UNUSED_VARIABLE = YES;
				IPHONEOS_DEPLOYMENT_TARGET = 8.4;
				MTL_ENABLE_DEBUG_INFO = YES;
				ONLY_ACTIVE_ARCH = YES;
				SDKROOT = iphoneos;
			};
			name = Debug;
		};
		2546EB4E1B9CCB4400523680 /* Release */ = {
			isa = XCBuildConfiguration;
			buildSettings = {
				ALWAYS_SEARCH_USER_PATHS = NO;
				CLANG_CXX_LANGUAGE_STANDARD = "gnu++0x";
				CLANG_CXX_LIBRARY = "libc++";
				CLANG_ENABLE_MODULES = YES;
				CLANG_ENABLE_OBJC_ARC = YES;
				CLANG_WARN_BOOL_CONVERSION = YES;
				CLANG_WARN_CONSTANT_CONVERSION = YES;
				CLANG_WARN_DIRECT_OBJC_ISA_USAGE = YES_ERROR;
				CLANG_WARN_EMPTY_BODY = YES;
				CLANG_WARN_ENUM_CONVERSION = YES;
				CLANG_WARN_INT_CONVERSION = YES;
				CLANG_WARN_OBJC_ROOT_CLASS = YES_ERROR;
				CLANG_WARN_UNREACHABLE_CODE = YES;
				CLANG_WARN__DUPLICATE_METHOD_MATCH = YES;
				"CODE_SIGN_IDENTITY[sdk=iphoneos*]" = "iPhone Developer";
				COPY_PHASE_STRIP = NO;
				DEBUG_INFORMATION_FORMAT = "dwarf-with-dsym";
				ENABLE_NS_ASSERTIONS = NO;
				ENABLE_STRICT_OBJC_MSGSEND = YES;
				GCC_C_LANGUAGE_STANDARD = gnu99;
				GCC_NO_COMMON_BLOCKS = YES;
				GCC_WARN_64_TO_32_BIT_CONVERSION = YES;
				GCC_WARN_ABOUT_RETURN_TYPE = YES_ERROR;
				GCC_WARN_UNDECLARED_SELECTOR = YES;
				GCC_WARN_UNINITIALIZED_AUTOS = YES_AGGRESSIVE;
				GCC_WARN_UNUSED_FUNCTION = YES;
				GCC_WARN_UNUSED_VARIABLE = YES;
				IPHONEOS_DEPLOYMENT_TARGET = 8.4;
				MTL_ENABLE_DEBUG_INFO = NO;
				SDKROOT = iphoneos;
				VALIDATE_PRODUCT = YES;
			};
			name = Release;
		};
		2546EB501B9CCB4400523680 /* Debug */ = {
			isa = XCBuildConfiguration;
			buildSettings = {
				ASSETCATALOG_COMPILER_APPICON_NAME = AppIcon;
				INFOPLIST_FILE = lesson05/SupportingFiles/Info.plist;
				IPHONEOS_DEPLOYMENT_TARGET = 8.4;
				LD_RUNPATH_SEARCH_PATHS = "$(inherited) @executable_path/Frameworks";
				PRODUCT_BUNDLE_IDENTIFIER = com.h2o1k.lesson05;
				PRODUCT_NAME = "$(TARGET_NAME)";
			};
			name = Debug;
		};
		2546EB511B9CCB4400523680 /* Release */ = {
			isa = XCBuildConfiguration;
			buildSettings = {
				ASSETCATALOG_COMPILER_APPICON_NAME = AppIcon;
				INFOPLIST_FILE = lesson05/SupportingFiles/Info.plist;
				IPHONEOS_DEPLOYMENT_TARGET = 8.4;
				LD_RUNPATH_SEARCH_PATHS = "$(inherited) @executable_path/Frameworks";
				PRODUCT_BUNDLE_IDENTIFIER = com.h2o1k.lesson05;
				PRODUCT_NAME = "$(TARGET_NAME)";
			};
			name = Release;
		};
/* End XCBuildConfiguration section */

/* Begin XCConfigurationList section */
		2546EB331B9CCB4400523680 /* Build configuration list for PBXProject "lesson05" */ = {
			isa = XCConfigurationList;
			buildConfigurations = (
				2546EB4D1B9CCB4400523680 /* Debug */,
				2546EB4E1B9CCB4400523680 /* Release */,
			);
			defaultConfigurationIsVisible = 0;
			defaultConfigurationName = Release;
		};
		2546EB4F1B9CCB4400523680 /* Build configuration list for PBXNativeTarget "lesson05" */ = {
			isa = XCConfigurationList;
			buildConfigurations = (
				2546EB501B9CCB4400523680 /* Debug */,
				2546EB511B9CCB4400523680 /* Release */,
			);
			defaultConfigurationIsVisible = 0;
			defaultConfigurationName = Release;
		};
/* End XCConfigurationList section */
	};
	rootObject = 2546EB301B9CCB4400523680 /* Project object */;
}
