// !$*UTF8*$!
{
	archiveVersion = 1;
	classes = {
	};
	objectVersion = 46;
	objects = {

/* Begin PBXBuildFile section */
		2517844C1B6C3211009017E7 /* back.png in Resources */ = {isa = PBXBuildFile; fileRef = 2517843C1B6C3211009017E7 /* back.png */; };
		2517844D1B6C3211009017E7 /* blueButton.png in Resources */ = {isa = PBXBuildFile; fileRef = 2517843D1B6C3211009017E7 /* blueButton.png */; };
		2517844E1B6C3211009017E7 /* dragon.png in Resources */ = {isa = PBXBuildFile; fileRef = 2517843E1B6C3211009017E7 /* dragon.png */; };
		2517844F1B6C3211009017E7 /* five.png in Resources */ = {isa = PBXBuildFile; fileRef = 2517843F1B6C3211009017E7 /* five.png */; };
		251784501B6C3211009017E7 /* five@2x.png in Resources */ = {isa = PBXBuildFile; fileRef = 251784401B6C3211009017E7 /* five@2x.png */; };
		251784511B6C3211009017E7 /* forward.png in Resources */ = {isa = PBXBuildFile; fileRef = 251784411B6C3211009017E7 /* forward.png */; };
		251784521B6C3211009017E7 /* four.png in Resources */ = {isa = PBXBuildFile; fileRef = 251784421B6C3211009017E7 /* four.png */; };
		251784531B6C3211009017E7 /* four@2x.png in Resources */ = {isa = PBXBuildFile; fileRef = 251784431B6C3211009017E7 /* four@2x.png */; };
		251784541B6C3211009017E7 /* hide.png in Resources */ = {isa = PBXBuildFile; fileRef = 251784441B6C3211009017E7 /* hide.png */; };
		251784551B6C3211009017E7 /* one.png in Resources */ = {isa = PBXBuildFile; fileRef = 251784451B6C3211009017E7 /* one.png */; };
		251784561B6C3211009017E7 /* one@2x.png in Resources */ = {isa = PBXBuildFile; fileRef = 251784461B6C3211009017E7 /* one@2x.png */; };
		251784571B6C3211009017E7 /* three.png in Resources */ = {isa = PBXBuildFile; fileRef = 251784471B6C3211009017E7 /* three.png */; };
		251784581B6C3211009017E7 /* three@2x.png in Resources */ = {isa = PBXBuildFile; fileRef = 251784481B6C3211009017E7 /* three@2x.png */; };
		251784591B6C3211009017E7 /* two.png in Resources */ = {isa = PBXBuildFile; fileRef = 251784491B6C3211009017E7 /* two.png */; };
		2517845A1B6C3211009017E7 /* two@2x.png in Resources */ = {isa = PBXBuildFile; fileRef = 2517844A1B6C3211009017E7 /* two@2x.png */; };
		2517845B1B6C3211009017E7 /* whiteButton.png in Resources */ = {isa = PBXBuildFile; fileRef = 2517844B1B6C3211009017E7 /* whiteButton.png */; };
		2517845D1B6C3350009017E7 /* ImageRes.xcassets in Resources */ = {isa = PBXBuildFile; fileRef = 2517845C1B6C3350009017E7 /* ImageRes.xcassets */; };
		251784601B6C3A35009017E7 /* OneViewController.m in Sources */ = {isa = PBXBuildFile; fileRef = 2517845F1B6C3A35009017E7 /* OneViewController.m */; };
		251784631B6C3A69009017E7 /* TwoViewController.m in Sources */ = {isa = PBXBuildFile; fileRef = 251784621B6C3A69009017E7 /* TwoViewController.m */; };
		2596BC751B6C56FE005A3179 /* BaseViewController.m in Sources */ = {isa = PBXBuildFile; fileRef = 2596BC741B6C56FE005A3179 /* BaseViewController.m */; };
		2596BC781B6C5F8A005A3179 /* SubViewController.m in Sources */ = {isa = PBXBuildFile; fileRef = 2596BC771B6C5F8A005A3179 /* SubViewController.m */; };
		25A8BE651B6A883F002D1B7D /* main.m in Sources */ = {isa = PBXBuildFile; fileRef = 25A8BE641B6A883F002D1B7D /* main.m */; };
		25A8BE681B6A883F002D1B7D /* AppDelegate.m in Sources */ = {isa = PBXBuildFile; fileRef = 25A8BE671B6A883F002D1B7D /* AppDelegate.m */; };
		25A8BE711B6A883F002D1B7D /* lesson02.xcdatamodeld in Sources */ = {isa = PBXBuildFile; fileRef = 25A8BE6F1B6A883F002D1B7D /* lesson02.xcdatamodeld */; };
		25A8BE731B6A883F002D1B7D /* Assets.xcassets in Resources */ = {isa = PBXBuildFile; fileRef = 25A8BE721B6A883F002D1B7D /* Assets.xcassets */; };
		25A8BE811B6A8840002D1B7D /* lesson02Tests.m in Sources */ = {isa = PBXBuildFile; fileRef = 25A8BE801B6A8840002D1B7D /* lesson02Tests.m */; };
		25A8BE8C1B6A8840002D1B7D /* lesson02UITests.m in Sources */ = {isa = PBXBuildFile; fileRef = 25A8BE8B1B6A8840002D1B7D /* lesson02UITests.m */; };
		25BF2AB81B75AF3100EF95AE /* Annotation.m in Sources */ = {isa = PBXBuildFile; fileRef = 25BF2AB71B75AF3100EF95AE /* Annotation.m */; };
		25C1C1131B72801100A8C255 /* FiveViewController.m in Sources */ = {isa = PBXBuildFile; fileRef = 25C1C10E1B72801100A8C255 /* FiveViewController.m */; };
		25C1C1141B72801100A8C255 /* FourViewController.m in Sources */ = {isa = PBXBuildFile; fileRef = 25C1C1101B72801100A8C255 /* FourViewController.m */; };
		25C1C1151B72801100A8C255 /* ThreeViewController.m in Sources */ = {isa = PBXBuildFile; fileRef = 25C1C1121B72801100A8C255 /* ThreeViewController.m */; };
		25C1C1181B73A46D00A8C255 /* MapKit.framework in Frameworks */ = {isa = PBXBuildFile; fileRef = 25C1C1171B73A46D00A8C255 /* MapKit.framework */; };
		25C1C11A1B73A48200A8C255 /* CoreLocation.framework in Frameworks */ = {isa = PBXBuildFile; fileRef = 25C1C1191B73A48200A8C255 /* CoreLocation.framework */; };
		25DCA6FE1B6FB1A800704197 /* DragonView.m in Sources */ = {isa = PBXBuildFile; fileRef = 25DCA6FD1B6FB1A800704197 /* DragonView.m */; };
		25DCA70A1B6FB33300704197 /* DragonViewController.m in Sources */ = {isa = PBXBuildFile; fileRef = 25DCA7091B6FB33300704197 /* DragonViewController.m */; };
/* End PBXBuildFile section */

/* Begin PBXContainerItemProxy section */
		25A8BE7D1B6A8840002D1B7D /* PBXContainerItemProxy */ = {
			isa = PBXContainerItemProxy;
			containerPortal = 25A8BE581B6A883F002D1B7D /* Project object */;
			proxyType = 1;
			remoteGlobalIDString = 25A8BE5F1B6A883F002D1B7D;
			remoteInfo = lesson02;
		};
		25A8BE881B6A8840002D1B7D /* PBXContainerItemProxy */ = {
			isa = PBXContainerItemProxy;
			containerPortal = 25A8BE581B6A883F002D1B7D /* Project object */;
			proxyType = 1;
			remoteGlobalIDString = 25A8BE5F1B6A883F002D1B7D;
			remoteInfo = lesson02;
		};
/* End PBXContainerItemProxy section */

/* Begin PBXFileReference section */
		2517843C1B6C3211009017E7 /* back.png */ = {isa = PBXFileReference; lastKnownFileType = image.png; path = back.png; sourceTree = "<group>"; };
		2517843D1B6C3211009017E7 /* blueButton.png */ = {isa = PBXFileReference; lastKnownFileType = image.png; path = blueButton.png; sourceTree = "<group>"; };
		2517843E1B6C3211009017E7 /* dragon.png */ = {isa = PBXFileReference; lastKnownFileType = image.png; path = dragon.png; sourceTree = "<group>"; };
		2517843F1B6C3211009017E7 /* five.png */ = {isa = PBXFileReference; lastKnownFileType = image.png; path = five.png; sourceTree = "<group>"; };
		251784401B6C3211009017E7 /* five@2x.png */ = {isa = PBXFileReference; lastKnownFileType = image.png; path = "five@2x.png"; sourceTree = "<group>"; };
		251784411B6C3211009017E7 /* forward.png */ = {isa = PBXFileReference; lastKnownFileType = image.png; path = forward.png; sourceTree = "<group>"; };
		251784421B6C3211009017E7 /* four.png */ = {isa = PBXFileReference; lastKnownFileType = image.png; path = four.png; sourceTree = "<group>"; };
		251784431B6C3211009017E7 /* four@2x.png */ = {isa = PBXFileReference; lastKnownFileType = image.png; path = "four@2x.png"; sourceTree = "<group>"; };
		251784441B6C3211009017E7 /* hide.png */ = {isa = PBXFileReference; lastKnownFileType = image.png; path = hide.png; sourceTree = "<group>"; };
		251784451B6C3211009017E7 /* one.png */ = {isa = PBXFileReference; lastKnownFileType = image.png; path = one.png; sourceTree = "<group>"; };
		251784461B6C3211009017E7 /* one@2x.png */ = {isa = PBXFileReference; lastKnownFileType = image.png; path = "one@2x.png"; sourceTree = "<group>"; };
		251784471B6C3211009017E7 /* three.png */ = {isa = PBXFileReference; lastKnownFileType = image.png; path = three.png; sourceTree = "<group>"; };
		251784481B6C3211009017E7 /* three@2x.png */ = {isa = PBXFileReference; lastKnownFileType = image.png; path = "three@2x.png"; sourceTree = "<group>"; };
		251784491B6C3211009017E7 /* two.png */ = {isa = PBXFileReference; lastKnownFileType = image.png; path = two.png; sourceTree = "<group>"; };
		2517844A1B6C3211009017E7 /* two@2x.png */ = {isa = PBXFileReference; lastKnownFileType = image.png; path = "two@2x.png"; sourceTree = "<group>"; };
		2517844B1B6C3211009017E7 /* whiteButton.png */ = {isa = PBXFileReference; lastKnownFileType = image.png; path = whiteButton.png; sourceTree = "<group>"; };
		2517845C1B6C3350009017E7 /* ImageRes.xcassets */ = {isa = PBXFileReference; lastKnownFileType = folder.assetcatalog; path = ImageRes.xcassets; sourceTree = "<group>"; };
		2517845E1B6C3A35009017E7 /* OneViewController.h */ = {isa = PBXFileReference; fileEncoding = 4; lastKnownFileType = sourcecode.c.h; path = OneViewController.h; sourceTree = "<group>"; };
		2517845F1B6C3A35009017E7 /* OneViewController.m */ = {isa = PBXFileReference; fileEncoding = 4; lastKnownFileType = sourcecode.c.objc; path = OneViewController.m; sourceTree = "<group>"; };
		251784611B6C3A69009017E7 /* TwoViewController.h */ = {isa = PBXFileReference; fileEncoding = 4; lastKnownFileType = sourcecode.c.h; path = TwoViewController.h; sourceTree = "<group>"; };
		251784621B6C3A69009017E7 /* TwoViewController.m */ = {isa = PBXFileReference; fileEncoding = 4; lastKnownFileType = sourcecode.c.objc; path = TwoViewController.m; sourceTree = "<group>"; };
		2596BC731B6C56FE005A3179 /* BaseViewController.h */ = {isa = PBXFileReference; fileEncoding = 4; lastKnownFileType = sourcecode.c.h; path = BaseViewController.h; sourceTree = "<group>"; };
		2596BC741B6C56FE005A3179 /* BaseViewController.m */ = {isa = PBXFileReference; fileEncoding = 4; lastKnownFileType = sourcecode.c.objc; path = BaseViewController.m; sourceTree = "<group>"; };
		2596BC761B6C5F8A005A3179 /* SubViewController.h */ = {isa = PBXFileReference; fileEncoding = 4; lastKnownFileType = sourcecode.c.h; path = SubViewController.h; sourceTree = "<group>"; };
		2596BC771B6C5F8A005A3179 /* SubViewController.m */ = {isa = PBXFileReference; fileEncoding = 4; lastKnownFileType = sourcecode.c.objc; path = SubViewController.m; sourceTree = "<group>"; };
		25A8BE601B6A883F002D1B7D /* lesson02.app */ = {isa = PBXFileReference; explicitFileType = wrapper.application; includeInIndex = 0; path = lesson02.app; sourceTree = BUILT_PRODUCTS_DIR; };
		25A8BE641B6A883F002D1B7D /* main.m */ = {isa = PBXFileReference; lastKnownFileType = sourcecode.c.objc; path = main.m; sourceTree = "<group>"; };
		25A8BE661B6A883F002D1B7D /* AppDelegate.h */ = {isa = PBXFileReference; lastKnownFileType = sourcecode.c.h; path = AppDelegate.h; sourceTree = "<group>"; };
		25A8BE671B6A883F002D1B7D /* AppDelegate.m */ = {isa = PBXFileReference; lastKnownFileType = sourcecode.c.objc; path = AppDelegate.m; sourceTree = "<group>"; };
		25A8BE701B6A883F002D1B7D /* lesson02.xcdatamodel */ = {isa = PBXFileReference; lastKnownFileType = wrapper.xcdatamodel; path = lesson02.xcdatamodel; sourceTree = "<group>"; };
		25A8BE721B6A883F002D1B7D /* Assets.xcassets */ = {isa = PBXFileReference; lastKnownFileType = folder.assetcatalog; path = Assets.xcassets; sourceTree = "<group>"; };
		25A8BE771B6A883F002D1B7D /* Info.plist */ = {isa = PBXFileReference; lastKnownFileType = text.plist.xml; path = Info.plist; sourceTree = "<group>"; };
		25A8BE7C1B6A8840002D1B7D /* lesson02Tests.xctest */ = {isa = PBXFileReference; explicitFileType = wrapper.cfbundle; includeInIndex = 0; path = lesson02Tests.xctest; sourceTree = BUILT_PRODUCTS_DIR; };
		25A8BE801B6A8840002D1B7D /* lesson02Tests.m */ = {isa = PBXFileReference; lastKnownFileType = sourcecode.c.objc; path = lesson02Tests.m; sourceTree = "<group>"; };
		25A8BE821B6A8840002D1B7D /* Info.plist */ = {isa = PBXFileReference; lastKnownFileType = text.plist.xml; path = Info.plist; sourceTree = "<group>"; };
		25A8BE871B6A8840002D1B7D /* lesson02UITests.xctest */ = {isa = PBXFileReference; explicitFileType = wrapper.cfbundle; includeInIndex = 0; path = lesson02UITests.xctest; sourceTree = BUILT_PRODUCTS_DIR; };
		25A8BE8B1B6A8840002D1B7D /* lesson02UITests.m */ = {isa = PBXFileReference; lastKnownFileType = sourcecode.c.objc; path = lesson02UITests.m; sourceTree = "<group>"; };
		25A8BE8D1B6A8840002D1B7D /* Info.plist */ = {isa = PBXFileReference; lastKnownFileType = text.plist.xml; path = Info.plist; sourceTree = "<group>"; };
		25BF2AB61B75AF3100EF95AE /* Annotation.h */ = {isa = PBXFileReference; fileEncoding = 4; lastKnownFileType = sourcecode.c.h; path = Annotation.h; sourceTree = "<group>"; };
		25BF2AB71B75AF3100EF95AE /* Annotation.m */ = {isa = PBXFileReference; fileEncoding = 4; lastKnownFileType = sourcecode.c.objc; path = Annotation.m; sourceTree = "<group>"; };
		25C1C10D1B72801100A8C255 /* FiveViewController.h */ = {isa = PBXFileReference; fileEncoding = 4; lastKnownFileType = sourcecode.c.h; path = FiveViewController.h; sourceTree = "<group>"; };
		25C1C10E1B72801100A8C255 /* FiveViewController.m */ = {isa = PBXFileReference; fileEncoding = 4; lastKnownFileType = sourcecode.c.objc; path = FiveViewController.m; sourceTree = "<group>"; };
		25C1C10F1B72801100A8C255 /* FourViewController.h */ = {isa = PBXFileReference; fileEncoding = 4; lastKnownFileType = sourcecode.c.h; path = FourViewController.h; sourceTree = "<group>"; };
		25C1C1101B72801100A8C255 /* FourViewController.m */ = {isa = PBXFileReference; fileEncoding = 4; lastKnownFileType = sourcecode.c.objc; path = FourViewController.m; sourceTree = "<group>"; };
		25C1C1111B72801100A8C255 /* ThreeViewController.h */ = {isa = PBXFileReference; fileEncoding = 4; lastKnownFileType = sourcecode.c.h; path = ThreeViewController.h; sourceTree = "<group>"; };
		25C1C1121B72801100A8C255 /* ThreeViewController.m */ = {isa = PBXFileReference; fileEncoding = 4; lastKnownFileType = sourcecode.c.objc; path = ThreeViewController.m; sourceTree = "<group>"; };
		25C1C1161B72828100A8C255 /* DragonViewDelegate.h */ = {isa = PBXFileReference; fileEncoding = 4; lastKnownFileType = sourcecode.c.h; path = DragonViewDelegate.h; sourceTree = "<group>"; };
		25C1C1171B73A46D00A8C255 /* MapKit.framework */ = {isa = PBXFileReference; lastKnownFileType = wrapper.framework; name = MapKit.framework; path = System/Library/Frameworks/MapKit.framework; sourceTree = SDKROOT; };
		25C1C1191B73A48200A8C255 /* CoreLocation.framework */ = {isa = PBXFileReference; lastKnownFileType = wrapper.framework; name = CoreLocation.framework; path = System/Library/Frameworks/CoreLocation.framework; sourceTree = SDKROOT; };
		25DCA6FC1B6FB1A800704197 /* DragonView.h */ = {isa = PBXFileReference; fileEncoding = 4; lastKnownFileType = sourcecode.c.h; path = DragonView.h; sourceTree = "<group>"; };
		25DCA6FD1B6FB1A800704197 /* DragonView.m */ = {isa = PBXFileReference; fileEncoding = 4; lastKnownFileType = sourcecode.c.objc; path = DragonView.m; sourceTree = "<group>"; };
		25DCA7081B6FB33300704197 /* DragonViewController.h */ = {isa = PBXFileReference; fileEncoding = 4; lastKnownFileType = sourcecode.c.h; path = DragonViewController.h; sourceTree = "<group>"; };
		25DCA7091B6FB33300704197 /* DragonViewController.m */ = {isa = PBXFileReference; fileEncoding = 4; lastKnownFileType = sourcecode.c.objc; path = DragonViewController.m; sourceTree = "<group>"; };
/* End PBXFileReference section */

/* Begin PBXFrameworksBuildPhase section */
		25A8BE5D1B6A883F002D1B7D /* Frameworks */ = {
			isa = PBXFrameworksBuildPhase;
			buildActionMask = 2147483647;
			files = (
				25C1C11A1B73A48200A8C255 /* CoreLocation.framework in Frameworks */,
				25C1C1181B73A46D00A8C255 /* MapKit.framework in Frameworks */,
			);
			runOnlyForDeploymentPostprocessing = 0;
		};
		25A8BE791B6A883F002D1B7D /* Frameworks */ = {
			isa = PBXFrameworksBuildPhase;
			buildActionMask = 2147483647;
			files = (
			);
			runOnlyForDeploymentPostprocessing = 0;
		};
		25A8BE841B6A8840002D1B7D /* Frameworks */ = {
			isa = PBXFrameworksBuildPhase;
			buildActionMask = 2147483647;
			files = (
			);
			runOnlyForDeploymentPostprocessing = 0;
		};
/* End PBXFrameworksBuildPhase section */

/* Begin PBXGroup section */
		2517843B1B6C3211009017E7 /* ImagesRes */ = {
			isa = PBXGroup;
			children = (
				2517843C1B6C3211009017E7 /* back.png */,
				2517843D1B6C3211009017E7 /* blueButton.png */,
				2517843E1B6C3211009017E7 /* dragon.png */,
				2517843F1B6C3211009017E7 /* five.png */,
				251784401B6C3211009017E7 /* five@2x.png */,
				251784411B6C3211009017E7 /* forward.png */,
				251784421B6C3211009017E7 /* four.png */,
				251784431B6C3211009017E7 /* four@2x.png */,
				251784441B6C3211009017E7 /* hide.png */,
				251784451B6C3211009017E7 /* one.png */,
				251784461B6C3211009017E7 /* one@2x.png */,
				251784471B6C3211009017E7 /* three.png */,
				251784481B6C3211009017E7 /* three@2x.png */,
				251784491B6C3211009017E7 /* two.png */,
				2517844A1B6C3211009017E7 /* two@2x.png */,
				2517844B1B6C3211009017E7 /* whiteButton.png */,
			);
			path = ImagesRes;
			sourceTree = "<group>";
		};
		25A8BE571B6A883F002D1B7D = {
			isa = PBXGroup;
			children = (
				25A8BE621B6A883F002D1B7D /* lesson02 */,
				25A8BE7F1B6A8840002D1B7D /* lesson02Tests */,
				25A8BE8A1B6A8840002D1B7D /* lesson02UITests */,
				25A8BE611B6A883F002D1B7D /* Products */,
			);
			sourceTree = "<group>";
		};
		25A8BE611B6A883F002D1B7D /* Products */ = {
			isa = PBXGroup;
			children = (
				25A8BE601B6A883F002D1B7D /* lesson02.app */,
				25A8BE7C1B6A8840002D1B7D /* lesson02Tests.xctest */,
				25A8BE871B6A8840002D1B7D /* lesson02UITests.xctest */,
			);
			name = Products;
			sourceTree = "<group>";
		};
		25A8BE621B6A883F002D1B7D /* lesson02 */ = {
			isa = PBXGroup;
			children = (
				25BF2AB61B75AF3100EF95AE /* Annotation.h */,
				25BF2AB71B75AF3100EF95AE /* Annotation.m */,
				25C1C1161B72828100A8C255 /* DragonViewDelegate.h */,
				25DCA7081B6FB33300704197 /* DragonViewController.h */,
				25DCA7091B6FB33300704197 /* DragonViewController.m */,
				25DCA6FC1B6FB1A800704197 /* DragonView.h */,
				25DCA6FD1B6FB1A800704197 /* DragonView.m */,
				25C1C10D1B72801100A8C255 /* FiveViewController.h */,
				25C1C10E1B72801100A8C255 /* FiveViewController.m */,
				25C1C10F1B72801100A8C255 /* FourViewController.h */,
				25C1C1101B72801100A8C255 /* FourViewController.m */,
				25C1C1111B72801100A8C255 /* ThreeViewController.h */,
				25C1C1121B72801100A8C255 /* ThreeViewController.m */,
				251784611B6C3A69009017E7 /* TwoViewController.h */,
				251784621B6C3A69009017E7 /* TwoViewController.m */,
				2517845E1B6C3A35009017E7 /* OneViewController.h */,
				2517845F1B6C3A35009017E7 /* OneViewController.m */,
				2596BC761B6C5F8A005A3179 /* SubViewController.h */,
				2596BC771B6C5F8A005A3179 /* SubViewController.m */,
				2596BC731B6C56FE005A3179 /* BaseViewController.h */,
				2596BC741B6C56FE005A3179 /* BaseViewController.m */,
				25A8BE661B6A883F002D1B7D /* AppDelegate.h */,
				25A8BE671B6A883F002D1B7D /* AppDelegate.m */,
				25A8BE631B6A883F002D1B7D /* Supporting Files */,
				2517843B1B6C3211009017E7 /* ImagesRes */,
				25A8BE6F1B6A883F002D1B7D /* lesson02.xcdatamodeld */,
				2517845C1B6C3350009017E7 /* ImageRes.xcassets */,
				25A8BE721B6A883F002D1B7D /* Assets.xcassets */,
			);
			path = lesson02;
			sourceTree = "<group>";
		};
		25A8BE631B6A883F002D1B7D /* Supporting Files */ = {
			isa = PBXGroup;
			children = (
				25C1C1191B73A48200A8C255 /* CoreLocation.framework */,
				25C1C1171B73A46D00A8C255 /* MapKit.framework */,
				25A8BE771B6A883F002D1B7D /* Info.plist */,
				25A8BE641B6A883F002D1B7D /* main.m */,
			);
			name = "Supporting Files";
			sourceTree = "<group>";
		};
		25A8BE7F1B6A8840002D1B7D /* lesson02Tests */ = {
			isa = PBXGroup;
			children = (
				25A8BE801B6A8840002D1B7D /* lesson02Tests.m */,
				25A8BE821B6A8840002D1B7D /* Info.plist */,
			);
			path = lesson02Tests;
			sourceTree = "<group>";
		};
		25A8BE8A1B6A8840002D1B7D /* lesson02UITests */ = {
			isa = PBXGroup;
			children = (
				25A8BE8B1B6A8840002D1B7D /* lesson02UITests.m */,
				25A8BE8D1B6A8840002D1B7D /* Info.plist */,
			);
			path = lesson02UITests;
			sourceTree = "<group>";
		};
/* End PBXGroup section */

/* Begin PBXNativeTarget section */
		25A8BE5F1B6A883F002D1B7D /* lesson02 */ = {
			isa = PBXNativeTarget;
			buildConfigurationList = 25A8BE901B6A8840002D1B7D /* Build configuration list for PBXNativeTarget "lesson02" */;
			buildPhases = (
				25A8BE5C1B6A883F002D1B7D /* Sources */,
				25A8BE5D1B6A883F002D1B7D /* Frameworks */,
				25A8BE5E1B6A883F002D1B7D /* Resources */,
			);
			buildRules = (
			);
			dependencies = (
			);
			name = lesson02;
			productName = lesson02;
			productReference = 25A8BE601B6A883F002D1B7D /* lesson02.app */;
			productType = "com.apple.product-type.application";
		};
		25A8BE7B1B6A883F002D1B7D /* lesson02Tests */ = {
			isa = PBXNativeTarget;
			buildConfigurationList = 25A8BE931B6A8840002D1B7D /* Build configuration list for PBXNativeTarget "lesson02Tests" */;
			buildPhases = (
				25A8BE781B6A883F002D1B7D /* Sources */,
				25A8BE791B6A883F002D1B7D /* Frameworks */,
				25A8BE7A1B6A883F002D1B7D /* Resources */,
			);
			buildRules = (
			);
			dependencies = (
				25A8BE7E1B6A8840002D1B7D /* PBXTargetDependency */,
			);
			name = lesson02Tests;
			productName = lesson02Tests;
			productReference = 25A8BE7C1B6A8840002D1B7D /* lesson02Tests.xctest */;
			productType = "com.apple.product-type.bundle.unit-test";
		};
		25A8BE861B6A8840002D1B7D /* lesson02UITests */ = {
			isa = PBXNativeTarget;
			buildConfigurationList = 25A8BE961B6A8840002D1B7D /* Build configuration list for PBXNativeTarget "lesson02UITests" */;
			buildPhases = (
				25A8BE831B6A8840002D1B7D /* Sources */,
				25A8BE841B6A8840002D1B7D /* Frameworks */,
				25A8BE851B6A8840002D1B7D /* Resources */,
			);
			buildRules = (
			);
			dependencies = (
				25A8BE891B6A8840002D1B7D /* PBXTargetDependency */,
			);
			name = lesson02UITests;
			productName = lesson02UITests;
			productReference = 25A8BE871B6A8840002D1B7D /* lesson02UITests.xctest */;
			productType = "com.apple.product-type.bundle.ui-testing";
		};
/* End PBXNativeTarget section */

/* Begin PBXProject section */
		25A8BE581B6A883F002D1B7D /* Project object */ = {
			isa = PBXProject;
			attributes = {
				LastUpgradeCheck = 0700;
				ORGANIZATIONNAME = snddfhv;
				TargetAttributes = {
					25A8BE5F1B6A883F002D1B7D = {
						CreatedOnToolsVersion = 7.0;
					};
					25A8BE7B1B6A883F002D1B7D = {
						CreatedOnToolsVersion = 7.0;
						TestTargetID = 25A8BE5F1B6A883F002D1B7D;
					};
					25A8BE861B6A8840002D1B7D = {
						CreatedOnToolsVersion = 7.0;
						TestTargetID = 25A8BE5F1B6A883F002D1B7D;
					};
				};
			};
			buildConfigurationList = 25A8BE5B1B6A883F002D1B7D /* Build configuration list for PBXProject "lesson02" */;
			compatibilityVersion = "Xcode 3.2";
			developmentRegion = English;
			hasScannedForEncodings = 0;
			knownRegions = (
				en,
				Base,
			);
			mainGroup = 25A8BE571B6A883F002D1B7D;
			productRefGroup = 25A8BE611B6A883F002D1B7D /* Products */;
			projectDirPath = "";
			projectRoot = "";
			targets = (
				25A8BE5F1B6A883F002D1B7D /* lesson02 */,
				25A8BE7B1B6A883F002D1B7D /* lesson02Tests */,
				25A8BE861B6A8840002D1B7D /* lesson02UITests */,
			);
		};
/* End PBXProject section */

/* Begin PBXResourcesBuildPhase section */
		25A8BE5E1B6A883F002D1B7D /* Resources */ = {
			isa = PBXResourcesBuildPhase;
			buildActionMask = 2147483647;
			files = (
				251784511B6C3211009017E7 /* forward.png in Resources */,
				2517845A1B6C3211009017E7 /* two@2x.png in Resources */,
				251784571B6C3211009017E7 /* three.png in Resources */,
				251784561B6C3211009017E7 /* one@2x.png in Resources */,
				251784591B6C3211009017E7 /* two.png in Resources */,
				2517845B1B6C3211009017E7 /* whiteButton.png in Resources */,
				251784581B6C3211009017E7 /* three@2x.png in Resources */,
				251784541B6C3211009017E7 /* hide.png in Resources */,
				2517844E1B6C3211009017E7 /* dragon.png in Resources */,
				251784531B6C3211009017E7 /* four@2x.png in Resources */,
				2517844F1B6C3211009017E7 /* five.png in Resources */,
				2517844D1B6C3211009017E7 /* blueButton.png in Resources */,
				2517844C1B6C3211009017E7 /* back.png in Resources */,
				251784501B6C3211009017E7 /* five@2x.png in Resources */,
				2517845D1B6C3350009017E7 /* ImageRes.xcassets in Resources */,
				251784551B6C3211009017E7 /* one.png in Resources */,
				25A8BE731B6A883F002D1B7D /* Assets.xcassets in Resources */,
				251784521B6C3211009017E7 /* four.png in Resources */,
			);
			runOnlyForDeploymentPostprocessing = 0;
		};
		25A8BE7A1B6A883F002D1B7D /* Resources */ = {
			isa = PBXResourcesBuildPhase;
			buildActionMask = 2147483647;
			files = (
			);
			runOnlyForDeploymentPostprocessing = 0;
		};
		25A8BE851B6A8840002D1B7D /* Resources */ = {
			isa = PBXResourcesBuildPhase;
			buildActionMask = 2147483647;
			files = (
			);
			runOnlyForDeploymentPostprocessing = 0;
		};
/* End PBXResourcesBuildPhase section */

/* Begin PBXSourcesBuildPhase section */
		25A8BE5C1B6A883F002D1B7D /* Sources */ = {
			isa = PBXSourcesBuildPhase;
			buildActionMask = 2147483647;
			files = (
				2596BC751B6C56FE005A3179 /* BaseViewController.m in Sources */,
				25DCA6FE1B6FB1A800704197 /* DragonView.m in Sources */,
				25A8BE681B6A883F002D1B7D /* AppDelegate.m in Sources */,
				25C1C1151B72801100A8C255 /* ThreeViewController.m in Sources */,
				25BF2AB81B75AF3100EF95AE /* Annotation.m in Sources */,
				25A8BE651B6A883F002D1B7D /* main.m in Sources */,
				25C1C1131B72801100A8C255 /* FiveViewController.m in Sources */,
				2596BC781B6C5F8A005A3179 /* SubViewController.m in Sources */,
				25A8BE711B6A883F002D1B7D /* lesson02.xcdatamodeld in Sources */,
				251784631B6C3A69009017E7 /* TwoViewController.m in Sources */,
				251784601B6C3A35009017E7 /* OneViewController.m in Sources */,
				25C1C1141B72801100A8C255 /* FourViewController.m in Sources */,
				25DCA70A1B6FB33300704197 /* DragonViewController.m in Sources */,
			);
			runOnlyForDeploymentPostprocessing = 0;
		};
		25A8BE781B6A883F002D1B7D /* Sources */ = {
			isa = PBXSourcesBuildPhase;
			buildActionMask = 2147483647;
			files = (
				25A8BE811B6A8840002D1B7D /* lesson02Tests.m in Sources */,
			);
			runOnlyForDeploymentPostprocessing = 0;
		};
		25A8BE831B6A8840002D1B7D /* Sources */ = {
			isa = PBXSourcesBuildPhase;
			buildActionMask = 2147483647;
			files = (
				25A8BE8C1B6A8840002D1B7D /* lesson02UITests.m in Sources */,
			);
			runOnlyForDeploymentPostprocessing = 0;
		};
/* End PBXSourcesBuildPhase section */

/* Begin PBXTargetDependency section */
		25A8BE7E1B6A8840002D1B7D /* PBXTargetDependency */ = {
			isa = PBXTargetDependency;
			target = 25A8BE5F1B6A883F002D1B7D /* lesson02 */;
			targetProxy = 25A8BE7D1B6A8840002D1B7D /* PBXContainerItemProxy */;
		};
		25A8BE891B6A8840002D1B7D /* PBXTargetDependency */ = {
			isa = PBXTargetDependency;
			target = 25A8BE5F1B6A883F002D1B7D /* lesson02 */;
			targetProxy = 25A8BE881B6A8840002D1B7D /* PBXContainerItemProxy */;
		};
/* End PBXTargetDependency section */

/* Begin XCBuildConfiguration section */
		25A8BE8E1B6A8840002D1B7D /* Debug */ = {
			isa = XCBuildConfiguration;
			buildSettings = {
				ALWAYS_SEARCH_USER_PATHS = NO;
				CLANG_CXX_LANGUAGE_STANDARD = "gnu++0x";
				CLANG_CXX_LIBRARY = "libc++";
				CLANG_ENABLE_MODULES = YES;
				CLANG_ENABLE_OBJC_ARC = YES;
				CLANG_WARN_BOOL_CONVERSION = YES;
				CLANG_WARN_CONSTANT_CONVERSION = YES;
				CLANG_WARN_DIRECT_OBJC_ISA_USAGE = YES_ERROR;
				CLANG_WARN_EMPTY_BODY = YES;
				CLANG_WARN_ENUM_CONVERSION = YES;
				CLANG_WARN_INT_CONVERSION = YES;
				CLANG_WARN_OBJC_ROOT_CLASS = YES_ERROR;
				CLANG_WARN_UNREACHABLE_CODE = YES;
				CLANG_WARN__DUPLICATE_METHOD_MATCH = YES;
				"CODE_SIGN_IDENTITY[sdk=iphoneos*]" = "iPhone Developer";
				COPY_PHASE_STRIP = NO;
				DEBUG_INFORMATION_FORMAT = dwarf;
				ENABLE_STRICT_OBJC_MSGSEND = YES;
				ENABLE_TESTABILITY = YES;
				GCC_C_LANGUAGE_STANDARD = gnu99;
				GCC_DYNAMIC_NO_PIC = NO;
				GCC_NO_COMMON_BLOCKS = YES;
				GCC_OPTIMIZATION_LEVEL = 0;
				GCC_PREPROCESSOR_DEFINITIONS = (
					"DEBUG=1",
					"$(inherited)",
				);
				GCC_WARN_64_TO_32_BIT_CONVERSION = YES;
				GCC_WARN_ABOUT_RETURN_TYPE = YES_ERROR;
				GCC_WARN_UNDECLARED_SELECTOR = YES;
				GCC_WARN_UNINITIALIZED_AUTOS = YES_AGGRESSIVE;
				GCC_WARN_UNUSED_FUNCTION = YES;
				GCC_WARN_UNUSED_VARIABLE = YES;
				IPHONEOS_DEPLOYMENT_TARGET = 8.4;
				MTL_ENABLE_DEBUG_INFO = YES;
				ONLY_ACTIVE_ARCH = YES;
				SDKROOT = iphoneos;
			};
			name = Debug;
		};
		25A8BE8F1B6A8840002D1B7D /* Release */ = {
			isa = XCBuildConfiguration;
			buildSettings = {
				ALWAYS_SEARCH_USER_PATHS = NO;
				CLANG_CXX_LANGUAGE_STANDARD = "gnu++0x";
				CLANG_CXX_LIBRARY = "libc++";
				CLANG_ENABLE_MODULES = YES;
				CLANG_ENABLE_OBJC_ARC = YES;
				CLANG_WARN_BOOL_CONVERSION = YES;
				CLANG_WARN_CONSTANT_CONVERSION = YES;
				CLANG_WARN_DIRECT_OBJC_ISA_USAGE = YES_ERROR;
				CLANG_WARN_EMPTY_BODY = YES;
				CLANG_WARN_ENUM_CONVERSION = YES;
				CLANG_WARN_INT_CONVERSION = YES;
				CLANG_WARN_OBJC_ROOT_CLASS = YES_ERROR;
				CLANG_WARN_UNREACHABLE_CODE = YES;
				CLANG_WARN__DUPLICATE_METHOD_MATCH = YES;
				"CODE_SIGN_IDENTITY[sdk=iphoneos*]" = "iPhone Developer";
				COPY_PHASE_STRIP = NO;
				DEBUG_INFORMATION_FORMAT = "dwarf-with-dsym";
				ENABLE_NS_ASSERTIONS = NO;
				ENABLE_STRICT_OBJC_MSGSEND = YES;
				GCC_C_LANGUAGE_STANDARD = gnu99;
				GCC_NO_COMMON_BLOCKS = YES;
				GCC_WARN_64_TO_32_BIT_CONVERSION = YES;
				GCC_WARN_ABOUT_RETURN_TYPE = YES_ERROR;
				GCC_WARN_UNDECLARED_SELECTOR = YES;
				GCC_WARN_UNINITIALIZED_AUTOS = YES_AGGRESSIVE;
				GCC_WARN_UNUSED_FUNCTION = YES;
				GCC_WARN_UNUSED_VARIABLE = YES;
				IPHONEOS_DEPLOYMENT_TARGET = 8.4;
				MTL_ENABLE_DEBUG_INFO = NO;
				SDKROOT = iphoneos;
				VALIDATE_PRODUCT = YES;
			};
			name = Release;
		};
		25A8BE911B6A8840002D1B7D /* Debug */ = {
			isa = XCBuildConfiguration;
			buildSettings = {
				ASSETCATALOG_COMPILER_APPICON_NAME = AppIcon;
				ASSETCATALOG_COMPILER_LAUNCHIMAGE_NAME = LaunchImage;
				INFOPLIST_FILE = lesson02/Info.plist;
				IPHONEOS_DEPLOYMENT_TARGET = 8.4;
				LD_RUNPATH_SEARCH_PATHS = "$(inherited) @executable_path/Frameworks";
				PRODUCT_BUNDLE_IDENTIFIER = com.h2o1k.lesson02;
				PRODUCT_NAME = "$(TARGET_NAME)";
			};
			name = Debug;
		};
		25A8BE921B6A8840002D1B7D /* Release */ = {
			isa = XCBuildConfiguration;
			buildSettings = {
				ASSETCATALOG_COMPILER_APPICON_NAME = AppIcon;
				ASSETCATALOG_COMPILER_LAUNCHIMAGE_NAME = LaunchImage;
				INFOPLIST_FILE = lesson02/Info.plist;
				IPHONEOS_DEPLOYMENT_TARGET = 8.4;
				LD_RUNPATH_SEARCH_PATHS = "$(inherited) @executable_path/Frameworks";
				PRODUCT_BUNDLE_IDENTIFIER = com.h2o1k.lesson02;
				PRODUCT_NAME = "$(TARGET_NAME)";
			};
			name = Release;
		};
		25A8BE941B6A8840002D1B7D /* Debug */ = {
			isa = XCBuildConfiguration;
			buildSettings = {
				BUNDLE_LOADER = "$(TEST_HOST)";
				INFOPLIST_FILE = lesson02Tests/Info.plist;
				LD_RUNPATH_SEARCH_PATHS = "$(inherited) @executable_path/Frameworks @loader_path/Frameworks";
				PRODUCT_BUNDLE_IDENTIFIER = com.h2o1k.lesson02Tests;
				PRODUCT_NAME = "$(TARGET_NAME)";
				TEST_HOST = "$(BUILT_PRODUCTS_DIR)/lesson02.app/lesson02";
			};
			name = Debug;
		};
		25A8BE951B6A8840002D1B7D /* Release */ = {
			isa = XCBuildConfiguration;
			buildSettings = {
				BUNDLE_LOADER = "$(TEST_HOST)";
				INFOPLIST_FILE = lesson02Tests/Info.plist;
				LD_RUNPATH_SEARCH_PATHS = "$(inherited) @executable_path/Frameworks @loader_path/Frameworks";
				PRODUCT_BUNDLE_IDENTIFIER = com.h2o1k.lesson02Tests;
				PRODUCT_NAME = "$(TARGET_NAME)";
				TEST_HOST = "$(BUILT_PRODUCTS_DIR)/lesson02.app/lesson02";
			};
			name = Release;
		};
		25A8BE971B6A8840002D1B7D /* Debug */ = {
			isa = XCBuildConfiguration;
			buildSettings = {
				INFOPLIST_FILE = lesson02UITests/Info.plist;
				LD_RUNPATH_SEARCH_PATHS = "$(inherited) @executable_path/Frameworks @loader_path/Frameworks";
				PRODUCT_BUNDLE_IDENTIFIER = com.h2o1k.lesson02UITests;
				PRODUCT_NAME = "$(TARGET_NAME)";
				TEST_TARGET_NAME = lesson02;
				USES_XCTRUNNER = YES;
			};
			name = Debug;
		};
		25A8BE981B6A8840002D1B7D /* Release */ = {
			isa = XCBuildConfiguration;
			buildSettings = {
				INFOPLIST_FILE = lesson02UITests/Info.plist;
				LD_RUNPATH_SEARCH_PATHS = "$(inherited) @executable_path/Frameworks @loader_path/Frameworks";
				PRODUCT_BUNDLE_IDENTIFIER = com.h2o1k.lesson02UITests;
				PRODUCT_NAME = "$(TARGET_NAME)";
				TEST_TARGET_NAME = lesson02;
				USES_XCTRUNNER = YES;
			};
			name = Release;
		};
/* End XCBuildConfiguration section */

/* Begin XCConfigurationList section */
		25A8BE5B1B6A883F002D1B7D /* Build configuration list for PBXProject "lesson02" */ = {
			isa = XCConfigurationList;
			buildConfigurations = (
				25A8BE8E1B6A8840002D1B7D /* Debug */,
				25A8BE8F1B6A8840002D1B7D /* Release */,
			);
			defaultConfigurationIsVisible = 0;
			defaultConfigurationName = Release;
		};
		25A8BE901B6A8840002D1B7D /* Build configuration list for PBXNativeTarget "lesson02" */ = {
			isa = XCConfigurationList;
			buildConfigurations = (
				25A8BE911B6A8840002D1B7D /* Debug */,
				25A8BE921B6A8840002D1B7D /* Release */,
			);
			defaultConfigurationIsVisible = 0;
			defaultConfigurationName = Release;
		};
		25A8BE931B6A8840002D1B7D /* Build configuration list for PBXNativeTarget "lesson02Tests" */ = {
			isa = XCConfigurationList;
			buildConfigurations = (
				25A8BE941B6A8840002D1B7D /* Debug */,
				25A8BE951B6A8840002D1B7D /* Release */,
			);
			defaultConfigurationIsVisible = 0;
			defaultConfigurationName = Release;
		};
		25A8BE961B6A8840002D1B7D /* Build configuration list for PBXNativeTarget "lesson02UITests" */ = {
			isa = XCConfigurationList;
			buildConfigurations = (
				25A8BE971B6A8840002D1B7D /* Debug */,
				25A8BE981B6A8840002D1B7D /* Release */,
			);
			defaultConfigurationIsVisible = 0;
			defaultConfigurationName = Release;
		};
/* End XCConfigurationList section */

/* Begin XCVersionGroup section */
		25A8BE6F1B6A883F002D1B7D /* lesson02.xcdatamodeld */ = {
			isa = XCVersionGroup;
			children = (
				25A8BE701B6A883F002D1B7D /* lesson02.xcdatamodel */,
			);
			currentVersion = 25A8BE701B6A883F002D1B7D /* lesson02.xcdatamodel */;
			path = lesson02.xcdatamodeld;
			sourceTree = "<group>";
			versionGroupType = wrapper.xcdatamodel;
		};
/* End XCVersionGroup section */
	};
	rootObject = 25A8BE581B6A883F002D1B7D /* Project object */;
}
